FORGE
  remote: https://forgeapi.puppetlabs.com
  specs:
    puppet-collectd (4.3.0)
      puppetlabs-concat (>= 1.0.4)
      puppetlabs-stdlib (>= 3.2.0)
    puppet-nginx (0.4.0)
      puppetlabs-apt (>= 1.8.0, < 3.0.0)
      puppetlabs-concat (>= 1.1.1, < 3.0.0)
      puppetlabs-stdlib (>= 4.2.0, < 5.0.0)
    puppet-python (2.2.2)
      puppetlabs-stdlib (>= 4.6.0, < 6.0.0)
      stahnma-epel (>= 1.2.2, < 2.0.0)
    puppet-unattended_upgrades (1.1.1)
      puppetlabs-apt (>= 2.2.0, < 3.0.0)
      puppetlabs-stdlib (>= 4.6.0, < 5.0.0)
    puppetlabs-apt (2.4.0)
      puppetlabs-stdlib (>= 4.13.0, < 5.0.0)
    puppetlabs-concat (1.2.4)
      puppetlabs-stdlib (>= 3.2.0, < 5.0.0)
    puppetlabs-ntp (4.2.0)
      puppetlabs-stdlib (>= 4.6.0, < 5.0.0)
    puppetlabs-postgresql (5.12.1)
      puppetlabs-apt (>= 2.0.0, < 7.0.0)
      puppetlabs-concat (>= 1.1.0, < 6.0.0)
      puppetlabs-stdlib (>= 4.13.1, < 6.0.0)
    puppetlabs-stdlib (4.25.1)
    puppetlabs-vcsrepo (1.5.0)
    stahnma-epel (1.3.1)
      puppetlabs-stdlib (>= 3.0.0)

GIT
  remote: https://github.com/Engage/puppet-uwsgi
  ref: 66a478c3f5f694477d8fa626a2ada00bdfd3b662
  sha: 66a478c3f5f694477d8fa626a2ada00bdfd3b662
  specs:
    uwsgi (1.3.2)
      puppetlabs-stdlib (>= 3.2.0, < 5.0.0)

GIT
  remote: https://github.com/ULHPC/puppet-exim4
  ref: production
  sha: dac24d90f22edc9fad8c72c5047560212b847925
  specs:
    exim4 (0.1.2)
      puppetlabs-stdlib (>= 4.2.2, < 5.0.0)

GIT
  remote: https://github.com/freifunk-berlin/puppet-bbbdigger
  ref: master
  sha: 3ee15a5804a8e6bc8b458b88f8e0bc797a531e4a
  specs:
    bbbdigger (0.0.1)

GIT
  remote: https://github.com/freifunk-berlin/puppet-communitytunnel
  ref: master
  sha: 90eb87be58284c86d66b053a4e7cebca2a24968c
  specs:
    communitytunnel (0.0.1)

GIT
  remote: https://github.com/freifunk-berlin/puppet-files
  ref: master
  sha: d07aa6402b657b5b8911684315feeff95321b272
  specs:
    files (0.0.1)

GIT
  remote: https://github.com/freifunk-berlin/puppet-rrdcached.git
  ref: master
  sha: e7a8e84cfc149c39b4f58c9b3b5a234f3a7afc5b
  specs:
    rrdcached (0.0.1)

GIT
  remote: https://github.com/freifunk-berlin/puppet-tunneldigger
  ref: master
  sha: 7ebc1327b47ce7d34b1351186839f09d3fce08da
  specs:
    tunneldigger (0.0.1)

GIT
  remote: https://github.com/rtznprmpftl/puppet-php-fpm.git
  ref: puppet5_compat
  sha: 6e839dbe3db6fa66550c5272a7629df178e54224
  specs:
    boo-php-fpm (0.0.1)
      puppetlabs-stdlib (>= 4.1.0)

GIT
  remote: https://github.com/rtznprmpftl/puppet-vpn03
  ref: master
  sha: 34e4231440bd847cf54c209e475329196d0c151c
  specs:
    vpn03 (0.0.1)

GIT
  remote: https://github.com/thias/puppet-sysctl
  ref: master
  sha: 38df36e8d8fab7d6a2f755e3f5fbf62f1d792a9f
  specs:
    sysctl (1.0.2)

DEPENDENCIES
  bbbdigger (>= 0)
  boo-php-fpm (>= 0)
  communitytunnel (>= 0)
  exim4 (>= 0)
  files (>= 0)
  puppet-collectd (= 4.3.0)
  puppet-nginx (= 0.4.0)
  puppet-python (= 2.2.2)
  puppet-unattended_upgrades (= 1.1.1)
  puppetlabs-apt (= 2.4.0)
  puppetlabs-ntp (= 4.2.0)
  puppetlabs-postgresql (= 5.12.1)
  puppetlabs-stdlib (= 4.25.1)
  puppetlabs-vcsrepo (= 1.5.0)
  rrdcached (>= 0)
  sysctl (>= 0)
  tunneldigger (>= 0)
  uwsgi (>= 0)
  vpn03 (>= 0)

