FORGE
  remote: http://forge.puppetlabs.com
  specs:
    puppetlabs/apt (1.4.0)
      puppetlabs/stdlib (>= 2.2.1)
    puppetlabs/concat (1.1.0-rc1)
      puppetlabs/stdlib (>= 3.0.0)
    puppetlabs/ntp (3.0.1)
      puppetlabs/stdlib (>= 0.1.6)
    puppetlabs/stdlib (4.1.0)
    puppetlabs/vcsrepo (0.2.0)

GIT
  remote: https://github.com/booo/puppet-module-collectd
  ref: master
  sha: aa7f57a91799def726656d4a0585c1d4fa87490b
  specs:
    collectd (1.0.1)
      puppetlabs/stdlib (>= 3.0.0)

GIT
  remote: https://github.com/booo/puppet-php-fpm.git
  ref: master
  sha: b576359e2ffb8f8d2e006f421b0f8b6fe3b22b0f
  specs:
    php-fpm (0.0.1)

GIT
  remote: https://github.com/booo/puppet-rrdcached.git
  ref: master
  sha: b5d887c6b7696dc4eee5277b6de352412f3bc1bd
  specs:
    rrdcached (0.0.1)

GIT
  remote: https://github.com/freifunk/berlin-puppet-files
  ref: master
  sha: bbc8bf72f6f5a913b504bc95e4984a57993247a1
  specs:
    files (0.0.1)

GIT
  remote: https://github.com/jfryman/puppet-nginx.git
  ref: master
  sha: 047b88d270cd869a27acbde2834f6c3193b9618b
  specs:
    nginx (0.0.7)
      puppetlabs/apt (>= 1.0.0)
      puppetlabs/concat (>= 1.0.0)
      puppetlabs/stdlib (>= 0.1.6)

GIT
  remote: https://github.com/thias/puppet-sysctl
  ref: master
  sha: b57ae16e18a5b37540b54769f789f92ac955cebd
  specs:
    sysctl (0.3.0)

DEPENDENCIES
  collectd (>= 0)
  files (>= 0)
  nginx (>= 0)
  php-fpm (>= 0)
  puppetlabs/apt (>= 0)
  puppetlabs/ntp (>= 0)
  puppetlabs/stdlib (>= 0)
  puppetlabs/vcsrepo (>= 0)
  rrdcached (>= 0)
  sysctl (>= 0)

