FORGE
  remote: https://forgeapi.puppetlabs.com
  specs:
    puppetlabs-apt (2.2.0)
      puppetlabs-stdlib (< 5.0.0, >= 4.5.0)
    puppetlabs-concat (1.2.4)
      puppetlabs-stdlib (< 5.0.0, >= 3.2.0)
    puppetlabs-ntp (4.1.0)
      puppetlabs-stdlib (< 5.0.0, >= 4.6.0)
    puppetlabs-postgresql (4.6.0)
      puppetlabs-apt (< 3.0.0, >= 1.8.0)
      puppetlabs-concat (< 2.0.0, >= 1.1.0)
      puppetlabs-stdlib (~> 4.0)
    puppetlabs-stdlib (4.9.0)
    puppetlabs-vcsrepo (1.3.1)
    stahnma-epel (1.1.1)

GIT
  remote: https://github.com/Engage/puppet-uwsgi
  ref: master
  sha: e3436e701c339a6cc0d4f29a449a1758f61fbe81
  specs:
    uwsgi (1.3.0)
      puppetlabs-stdlib (>= 3.2.0)

GIT
  remote: https://github.com/ULHPC/puppet-exim4
  ref: production
  sha: dac24d90f22edc9fad8c72c5047560212b847925
  specs:
    exim4 (0.1.2)
      puppetlabs-stdlib (< 5.0.0, >= 4.2.2)

GIT
  remote: https://github.com/booo/puppet-php-fpm.git
  ref: master
  sha: 04743f7d69da8989b876df73be904c6d97081e7f
  specs:
    php-fpm (0.0.1)

GIT
  remote: https://github.com/booo/puppet-rrdcached.git
  ref: master
  sha: b5d887c6b7696dc4eee5277b6de352412f3bc1bd
  specs:
    rrdcached (0.0.1)

GIT
  remote: https://github.com/freifunk-berlin/puppet-vpn03
  ref: master
  sha: 8adb6667cf877e1357cd0c1c1d3065094ead5521
  specs:
    vpn03 (0.0.1)

GIT
  remote: https://github.com/freifunk/berlin-puppet-files
  ref: master
  sha: 005c080b676711cdfd9566004f68930cb62b20f8
  specs:
    files (0.0.1)

GIT
  remote: https://github.com/jfryman/puppet-nginx.git
  ref: master
  sha: 45159252476970295beeff6371beb6b5a63ad6d1
  specs:
    nginx (0.2.7)
      puppetlabs-apt (< 3.0.0, >= 1.8.0)
      puppetlabs-concat (< 2.0.0, >= 1.1.1)
      puppetlabs-stdlib (< 5.0.0, >= 4.2.0)

GIT
  remote: https://github.com/puppet-community/puppet-collectd
  ref: master
  sha: 78cd9ca3dc8129e2db774dd1f12c739c65d80188
  specs:
    collectd (4.2.0)
      puppetlabs-concat (>= 1.0.4)
      puppetlabs-stdlib (>= 3.2.0)

GIT
  remote: https://github.com/puppet-community/puppet-unattended_upgrades
  ref: master
  sha: 87f195af653ea2e23ce1816d557d250f8d6b86c4
  specs:
    unattended_upgrades (1.0.3)
      puppetlabs-apt (< 3.0.0, >= 2.0.0)
      puppetlabs-stdlib (< 5.0.0, >= 4.6.0)

GIT
  remote: https://github.com/stankevich/puppet-python
  ref: master
  sha: 4bb83fa96356fe5170bf5de3269bace0f5689fec
  specs:
    python (1.9.8)
      puppetlabs-stdlib (< 6.0.0, >= 4.6.0)
      stahnma-epel (< 2.0.0, >= 1.0.1)

GIT
  remote: https://github.com/thias/puppet-sysctl
  ref: master
  sha: 38df36e8d8fab7d6a2f755e3f5fbf62f1d792a9f
  specs:
    sysctl (1.0.2)

DEPENDENCIES
  collectd (>= 0)
  exim4 (>= 0)
  files (>= 0)
  nginx (>= 0)
  php-fpm (>= 0)
  puppetlabs-apt (>= 0)
  puppetlabs-ntp (>= 0)
  puppetlabs-postgresql (>= 0)
  puppetlabs-stdlib (>= 0)
  puppetlabs-vcsrepo (>= 0)
  python (>= 0)
  rrdcached (>= 0)
  sysctl (>= 0)
  unattended_upgrades (>= 0)
  uwsgi (>= 0)
  vpn03 (>= 0)

